
Microsoft Visual Studio Solution File, Format Version 12.00
# Visual Studio 15
VisualStudioVersion = 15.0.28307.421
MinimumVisualStudioVersion = 10.0.40219.1
Project("{FAE04EC0-301F-11D3-BF4B-00C04F79EFBC}") = "mikectobias.com", "mikectobias.com\mikectobias.com.csproj", "{804BCEEE-05F0-4A54-9E4D-E479CB7451F9}"
EndProject
Global
	GlobalSection(SolutionConfigurationPlatforms) = preSolution
		Debug|Any CPU = Debug|Any CPU
		Release|Any CPU = Release|Any CPU
	EndGlobalSection
	GlobalSection(ProjectConfigurationPlatforms) = postSolution
		{804BCEEE-05F0-4A54-9E4D-E479CB7451F9}.Debug|Any CPU.ActiveCfg = Debug|Any CPU
		{804BCEEE-05F0-4A54-9E4D-E479CB7451F9}.Debug|Any CPU.Build.0 = Debug|Any CPU
		{804BCEEE-05F0-4A54-9E4D-E479CB7451F9}.Release|Any CPU.ActiveCfg = Release|Any CPU
		{804BCEEE-05F0-4A54-9E4D-E479CB7451F9}.Release|Any CPU.Build.0 = Release|Any CPU
	EndGlobalSection
	GlobalSection(SolutionProperties) = preSolution
		HideSolutionNode = FALSE
	EndGlobalSection
	GlobalSection(ExtensibilityGlobals) = postSolution
		SolutionGuid = {CB8AB2E8-3134-4F0B-B8CC-61277C1A3071}
	EndGlobalSection
EndGlobal
